
Microsoft Visual Studio Solution File, Format Version 12.00
# Visual Studio 15
Project("{FAE04EC0-301F-11D3-BF4B-00C04F79EFBC}") = "Shmupee", "Shmupee.csproj", "{A170F43B-CC41-595D-85D7-B96DED42B3F3}"
EndProject
Project("{FAE04EC0-301F-11D3-BF4B-00C04F79EFBC}") = "Shmupee.Editor", "Shmupee.Editor.csproj", "{EFE7456D-4381-72D8-78E4-4A2E7CA772DD}"
EndProject
Global
	GlobalSection(SolutionConfigurationPlatforms) = preSolution
		Debug|Any CPU = Debug|Any CPU
		Release|Any CPU = Release|Any CPU
	EndGlobalSection
	GlobalSection(ProjectConfigurationPlatforms) = postSolution
		{A170F43B-CC41-595D-85D7-B96DED42B3F3}.Debug|Any CPU.ActiveCfg = Debug|Any CPU
		{A170F43B-CC41-595D-85D7-B96DED42B3F3}.Debug|Any CPU.Build.0 = Debug|Any CPU
		{A170F43B-CC41-595D-85D7-B96DED42B3F3}.Release|Any CPU.ActiveCfg = Release|Any CPU
		{A170F43B-CC41-595D-85D7-B96DED42B3F3}.Release|Any CPU.Build.0 = Release|Any CPU
		{EFE7456D-4381-72D8-78E4-4A2E7CA772DD}.Debug|Any CPU.ActiveCfg = Debug|Any CPU
		{EFE7456D-4381-72D8-78E4-4A2E7CA772DD}.Debug|Any CPU.Build.0 = Debug|Any CPU
		{EFE7456D-4381-72D8-78E4-4A2E7CA772DD}.Release|Any CPU.ActiveCfg = Release|Any CPU
		{EFE7456D-4381-72D8-78E4-4A2E7CA772DD}.Release|Any CPU.Build.0 = Release|Any CPU
	EndGlobalSection
	GlobalSection(SolutionProperties) = preSolution
		HideSolutionNode = FALSE
	EndGlobalSection
EndGlobal
